// !$*UTF8*$!
{
	archiveVersion = 1;
	classes = {
	};
	objectVersion = 55;
	objects = {

/* Begin PBXBuildFile section */
		1AFCF14E80D1976F1F5EC5F9 /* Pods_DoctorAppointmentBookingApp.framework in Frameworks */ = {isa = PBXBuildFile; fileRef = 5188B86694E39644387694A8 /* Pods_DoctorAppointmentBookingApp.framework */; };
		C21AF513280839550001A8C0 /* Error.swift in Sources */ = {isa = PBXBuildFile; fileRef = C21AF512280839550001A8C0 /* Error.swift */; };
		C27D9CAC27F9FE2E00511C4B /* GoogleService-Info.plist in Resources */ = {isa = PBXBuildFile; fileRef = C27D9CAB27F9FE2E00511C4B /* GoogleService-Info.plist */; };
		C27D9CAF27FA08C400511C4B /* Doctor.swift in Sources */ = {isa = PBXBuildFile; fileRef = C27D9CAE27FA08C400511C4B /* Doctor.swift */; };
		C27D9CB227FA097D00511C4B /* DoctorViewModel.swift in Sources */ = {isa = PBXBuildFile; fileRef = C27D9CB127FA097D00511C4B /* DoctorViewModel.swift */; };
		C27D9CB427FA215A00511C4B /* DoctorProfileViewController.swift in Sources */ = {isa = PBXBuildFile; fileRef = C27D9CB327FA215A00511C4B /* DoctorProfileViewController.swift */; };
		C296DE78280BFDB300019B14 /* Patient.swift in Sources */ = {isa = PBXBuildFile; fileRef = C296DE77280BFDB300019B14 /* Patient.swift */; };
		C296DE7A280BFFE200019B14 /* PatientViewModel.swift in Sources */ = {isa = PBXBuildFile; fileRef = C296DE79280BFFE200019B14 /* PatientViewModel.swift */; };
		C296DE7D280C1FA100019B14 /* PatientPageViewController.swift in Sources */ = {isa = PBXBuildFile; fileRef = C296DE7C280C1FA100019B14 /* PatientPageViewController.swift */; };
		C296DE7F280C202700019B14 /* PatientProfileNavigationController.swift in Sources */ = {isa = PBXBuildFile; fileRef = C296DE7E280C202700019B14 /* PatientProfileNavigationController.swift */; };
		C296DE81280C205700019B14 /* PatientProfileViewController.swift in Sources */ = {isa = PBXBuildFile; fileRef = C296DE80280C205700019B14 /* PatientProfileViewController.swift */; };
		C296DE83280C328400019B14 /* PatientAppointmentsViewController.swift in Sources */ = {isa = PBXBuildFile; fileRef = C296DE82280C328400019B14 /* PatientAppointmentsViewController.swift */; };
		C296DE85280C330200019B14 /* PatientAppointmentsNavigationController.swift in Sources */ = {isa = PBXBuildFile; fileRef = C296DE84280C330200019B14 /* PatientAppointmentsNavigationController.swift */; };
		C296DE8A281409DB00019B14 /* PatientHomeViewController.swift in Sources */ = {isa = PBXBuildFile; fileRef = C296DE89281409DB00019B14 /* PatientHomeViewController.swift */; };
		C296DE8C281409F700019B14 /* PatientHomeNavigationController.swift in Sources */ = {isa = PBXBuildFile; fileRef = C296DE8B281409F700019B14 /* PatientHomeNavigationController.swift */; };
		C296DE912814123B00019B14 /* DoctorHorizontalViewCell.swift in Sources */ = {isa = PBXBuildFile; fileRef = C296DE8F2814123B00019B14 /* DoctorHorizontalViewCell.swift */; };
		C296DE922814123B00019B14 /* DoctorHorizontalViewCell.xib in Resources */ = {isa = PBXBuildFile; fileRef = C296DE902814123B00019B14 /* DoctorHorizontalViewCell.xib */; };
		C296DE9528143FB700019B14 /* CardView.swift in Sources */ = {isa = PBXBuildFile; fileRef = C296DE9428143FB700019B14 /* CardView.swift */; };
		C296DE9C281589F800019B14 /* MedicalCenter.swift in Sources */ = {isa = PBXBuildFile; fileRef = C296DE9B281589F800019B14 /* MedicalCenter.swift */; };
		C296DE9E28158C2700019B14 /* MedicalCenterViewModel.swift in Sources */ = {isa = PBXBuildFile; fileRef = C296DE9D28158C2700019B14 /* MedicalCenterViewModel.swift */; };
		C296DEA228159E7500019B14 /* MedicalCenterHorizontalViewCell.swift in Sources */ = {isa = PBXBuildFile; fileRef = C296DEA028159E7500019B14 /* MedicalCenterHorizontalViewCell.swift */; };
		C296DEA328159E7500019B14 /* MedicalCenterHorizontalViewCell.xib in Resources */ = {isa = PBXBuildFile; fileRef = C296DEA128159E7500019B14 /* MedicalCenterHorizontalViewCell.xib */; };
		C296DEA72815B04800019B14 /* CategoriesViewCell.swift in Sources */ = {isa = PBXBuildFile; fileRef = C296DEA52815B04800019B14 /* CategoriesViewCell.swift */; };
		C296DEA82815B04800019B14 /* CategoriesViewCell.xib in Resources */ = {isa = PBXBuildFile; fileRef = C296DEA62815B04800019B14 /* CategoriesViewCell.xib */; };
		C2BD6B5A2802B6CA00DBC642 /* DoctorAppointmentsViewController.swift in Sources */ = {isa = PBXBuildFile; fileRef = C2BD6B592802B6CA00DBC642 /* DoctorAppointmentsViewController.swift */; };
		C2BD6B5D2802B7E100DBC642 /* DoctorAppointmentsNavigationController.swift in Sources */ = {isa = PBXBuildFile; fileRef = C2BD6B5C2802B7E100DBC642 /* DoctorAppointmentsNavigationController.swift */; };
		C2BD6B5F2802D07900DBC642 /* DoctorProfileNavigationController.swift in Sources */ = {isa = PBXBuildFile; fileRef = C2BD6B5E2802D07900DBC642 /* DoctorProfileNavigationController.swift */; };
		C2BD6B632804219900DBC642 /* Appointment.swift in Sources */ = {isa = PBXBuildFile; fileRef = C2BD6B622804219900DBC642 /* Appointment.swift */; };
		C2BD6B65280424D100DBC642 /* AppointmentViewModel.swift in Sources */ = {isa = PBXBuildFile; fileRef = C2BD6B64280424D100DBC642 /* AppointmentViewModel.swift */; };
		C2C58C1127F9F08200B637C6 /* AppDelegate.swift in Sources */ = {isa = PBXBuildFile; fileRef = C2C58C1027F9F08200B637C6 /* AppDelegate.swift */; };
		C2C58C1327F9F08200B637C6 /* SceneDelegate.swift in Sources */ = {isa = PBXBuildFile; fileRef = C2C58C1227F9F08200B637C6 /* SceneDelegate.swift */; };
		C2C58C1527F9F08200B637C6 /* ViewController.swift in Sources */ = {isa = PBXBuildFile; fileRef = C2C58C1427F9F08200B637C6 /* ViewController.swift */; };
		C2C58C1827F9F08200B637C6 /* Main.storyboard in Resources */ = {isa = PBXBuildFile; fileRef = C2C58C1627F9F08200B637C6 /* Main.storyboard */; };
		C2C58C1A27F9F08400B637C6 /* Assets.xcassets in Resources */ = {isa = PBXBuildFile; fileRef = C2C58C1927F9F08400B637C6 /* Assets.xcassets */; };
		C2C58C1D27F9F08400B637C6 /* LaunchScreen.storyboard in Resources */ = {isa = PBXBuildFile; fileRef = C2C58C1B27F9F08400B637C6 /* LaunchScreen.storyboard */; };
		C2C58C2527F9F10900B637C6 /* SignUpViewController.swift in Sources */ = {isa = PBXBuildFile; fileRef = C2C58C2427F9F10900B637C6 /* SignUpViewController.swift */; };
		C2C58C2727F9F11500B637C6 /* LoginViewController.swift in Sources */ = {isa = PBXBuildFile; fileRef = C2C58C2627F9F11500B637C6 /* LoginViewController.swift */; };
		C2C58C2927F9F12C00B637C6 /* DoctorPageViewController.swift in Sources */ = {isa = PBXBuildFile; fileRef = C2C58C2827F9F12C00B637C6 /* DoctorPageViewController.swift */; };
/* End PBXBuildFile section */

/* Begin PBXFileReference section */
		0B85CBFA689930B4A66E9E9D /* Pods-DoctorAppointmentBookingApp.release.xcconfig */ = {isa = PBXFileReference; includeInIndex = 1; lastKnownFileType = text.xcconfig; name = "Pods-DoctorAppointmentBookingApp.release.xcconfig"; path = "Target Support Files/Pods-DoctorAppointmentBookingApp/Pods-DoctorAppointmentBookingApp.release.xcconfig"; sourceTree = "<group>"; };
		5188B86694E39644387694A8 /* Pods_DoctorAppointmentBookingApp.framework */ = {isa = PBXFileReference; explicitFileType = wrapper.framework; includeInIndex = 0; path = Pods_DoctorAppointmentBookingApp.framework; sourceTree = BUILT_PRODUCTS_DIR; };
		950B60C20D251BEA216B9B0B /* Pods-DoctorAppointmentBookingApp.debug.xcconfig */ = {isa = PBXFileReference; includeInIndex = 1; lastKnownFileType = text.xcconfig; name = "Pods-DoctorAppointmentBookingApp.debug.xcconfig"; path = "Target Support Files/Pods-DoctorAppointmentBookingApp/Pods-DoctorAppointmentBookingApp.debug.xcconfig"; sourceTree = "<group>"; };
		C21AF512280839550001A8C0 /* Error.swift */ = {isa = PBXFileReference; lastKnownFileType = sourcecode.swift; path = Error.swift; sourceTree = "<group>"; };
		C27D9CAB27F9FE2E00511C4B /* GoogleService-Info.plist */ = {isa = PBXFileReference; fileEncoding = 4; lastKnownFileType = text.plist.xml; path = "GoogleService-Info.plist"; sourceTree = "<group>"; };
		C27D9CAE27FA08C400511C4B /* Doctor.swift */ = {isa = PBXFileReference; lastKnownFileType = sourcecode.swift; path = Doctor.swift; sourceTree = "<group>"; };
		C27D9CB127FA097D00511C4B /* DoctorViewModel.swift */ = {isa = PBXFileReference; lastKnownFileType = sourcecode.swift; path = DoctorViewModel.swift; sourceTree = "<group>"; };
		C27D9CB327FA215A00511C4B /* DoctorProfileViewController.swift */ = {isa = PBXFileReference; lastKnownFileType = sourcecode.swift; path = DoctorProfileViewController.swift; sourceTree = "<group>"; };
		C296DE77280BFDB300019B14 /* Patient.swift */ = {isa = PBXFileReference; lastKnownFileType = sourcecode.swift; path = Patient.swift; sourceTree = "<group>"; };
		C296DE79280BFFE200019B14 /* PatientViewModel.swift */ = {isa = PBXFileReference; lastKnownFileType = sourcecode.swift; path = PatientViewModel.swift; sourceTree = "<group>"; };
		C296DE7C280C1FA100019B14 /* PatientPageViewController.swift */ = {isa = PBXFileReference; lastKnownFileType = sourcecode.swift; path = PatientPageViewController.swift; sourceTree = "<group>"; };
		C296DE7E280C202700019B14 /* PatientProfileNavigationController.swift */ = {isa = PBXFileReference; lastKnownFileType = sourcecode.swift; path = PatientProfileNavigationController.swift; sourceTree = "<group>"; };
		C296DE80280C205700019B14 /* PatientProfileViewController.swift */ = {isa = PBXFileReference; lastKnownFileType = sourcecode.swift; path = PatientProfileViewController.swift; sourceTree = "<group>"; };
		C296DE82280C328400019B14 /* PatientAppointmentsViewController.swift */ = {isa = PBXFileReference; lastKnownFileType = sourcecode.swift; path = PatientAppointmentsViewController.swift; sourceTree = "<group>"; };
		C296DE84280C330200019B14 /* PatientAppointmentsNavigationController.swift */ = {isa = PBXFileReference; lastKnownFileType = sourcecode.swift; path = PatientAppointmentsNavigationController.swift; sourceTree = "<group>"; };
		C296DE89281409DB00019B14 /* PatientHomeViewController.swift */ = {isa = PBXFileReference; lastKnownFileType = sourcecode.swift; path = PatientHomeViewController.swift; sourceTree = "<group>"; };
		C296DE8B281409F700019B14 /* PatientHomeNavigationController.swift */ = {isa = PBXFileReference; lastKnownFileType = sourcecode.swift; path = PatientHomeNavigationController.swift; sourceTree = "<group>"; };
		C296DE8F2814123B00019B14 /* DoctorHorizontalViewCell.swift */ = {isa = PBXFileReference; lastKnownFileType = sourcecode.swift; path = DoctorHorizontalViewCell.swift; sourceTree = "<group>"; };
		C296DE902814123B00019B14 /* DoctorHorizontalViewCell.xib */ = {isa = PBXFileReference; lastKnownFileType = file.xib; path = DoctorHorizontalViewCell.xib; sourceTree = "<group>"; };
		C296DE9428143FB700019B14 /* CardView.swift */ = {isa = PBXFileReference; lastKnownFileType = sourcecode.swift; path = CardView.swift; sourceTree = "<group>"; };
		C296DE9B281589F800019B14 /* MedicalCenter.swift */ = {isa = PBXFileReference; lastKnownFileType = sourcecode.swift; path = MedicalCenter.swift; sourceTree = "<group>"; };
		C296DE9D28158C2700019B14 /* MedicalCenterViewModel.swift */ = {isa = PBXFileReference; lastKnownFileType = sourcecode.swift; path = MedicalCenterViewModel.swift; sourceTree = "<group>"; };
		C296DEA028159E7500019B14 /* MedicalCenterHorizontalViewCell.swift */ = {isa = PBXFileReference; lastKnownFileType = sourcecode.swift; path = MedicalCenterHorizontalViewCell.swift; sourceTree = "<group>"; };
		C296DEA128159E7500019B14 /* MedicalCenterHorizontalViewCell.xib */ = {isa = PBXFileReference; lastKnownFileType = file.xib; path = MedicalCenterHorizontalViewCell.xib; sourceTree = "<group>"; };
		C296DEA52815B04800019B14 /* CategoriesViewCell.swift */ = {isa = PBXFileReference; lastKnownFileType = sourcecode.swift; path = CategoriesViewCell.swift; sourceTree = "<group>"; };
		C296DEA62815B04800019B14 /* CategoriesViewCell.xib */ = {isa = PBXFileReference; lastKnownFileType = file.xib; path = CategoriesViewCell.xib; sourceTree = "<group>"; };
		C2BD6B592802B6CA00DBC642 /* DoctorAppointmentsViewController.swift */ = {isa = PBXFileReference; lastKnownFileType = sourcecode.swift; path = DoctorAppointmentsViewController.swift; sourceTree = "<group>"; };
		C2BD6B5C2802B7E100DBC642 /* DoctorAppointmentsNavigationController.swift */ = {isa = PBXFileReference; lastKnownFileType = sourcecode.swift; path = DoctorAppointmentsNavigationController.swift; sourceTree = "<group>"; };
		C2BD6B5E2802D07900DBC642 /* DoctorProfileNavigationController.swift */ = {isa = PBXFileReference; lastKnownFileType = sourcecode.swift; path = DoctorProfileNavigationController.swift; sourceTree = "<group>"; };
		C2BD6B622804219900DBC642 /* Appointment.swift */ = {isa = PBXFileReference; lastKnownFileType = sourcecode.swift; path = Appointment.swift; sourceTree = "<group>"; };
		C2BD6B64280424D100DBC642 /* AppointmentViewModel.swift */ = {isa = PBXFileReference; lastKnownFileType = sourcecode.swift; path = AppointmentViewModel.swift; sourceTree = "<group>"; };
		C2C58C0D27F9F08200B637C6 /* DoctorAppointmentBookingApp.app */ = {isa = PBXFileReference; explicitFileType = wrapper.application; includeInIndex = 0; path = DoctorAppointmentBookingApp.app; sourceTree = BUILT_PRODUCTS_DIR; };
		C2C58C1027F9F08200B637C6 /* AppDelegate.swift */ = {isa = PBXFileReference; lastKnownFileType = sourcecode.swift; path = AppDelegate.swift; sourceTree = "<group>"; };
		C2C58C1227F9F08200B637C6 /* SceneDelegate.swift */ = {isa = PBXFileReference; lastKnownFileType = sourcecode.swift; path = SceneDelegate.swift; sourceTree = "<group>"; };
		C2C58C1427F9F08200B637C6 /* ViewController.swift */ = {isa = PBXFileReference; lastKnownFileType = sourcecode.swift; path = ViewController.swift; sourceTree = "<group>"; };
		C2C58C1727F9F08200B637C6 /* Base */ = {isa = PBXFileReference; lastKnownFileType = file.storyboard; name = Base; path = Base.lproj/Main.storyboard; sourceTree = "<group>"; };
		C2C58C1927F9F08400B637C6 /* Assets.xcassets */ = {isa = PBXFileReference; lastKnownFileType = folder.assetcatalog; path = Assets.xcassets; sourceTree = "<group>"; };
		C2C58C1C27F9F08400B637C6 /* Base */ = {isa = PBXFileReference; lastKnownFileType = file.storyboard; name = Base; path = Base.lproj/LaunchScreen.storyboard; sourceTree = "<group>"; };
		C2C58C1E27F9F08400B637C6 /* Info.plist */ = {isa = PBXFileReference; lastKnownFileType = text.plist.xml; path = Info.plist; sourceTree = "<group>"; };
		C2C58C2427F9F10900B637C6 /* SignUpViewController.swift */ = {isa = PBXFileReference; lastKnownFileType = sourcecode.swift; path = SignUpViewController.swift; sourceTree = "<group>"; };
		C2C58C2627F9F11500B637C6 /* LoginViewController.swift */ = {isa = PBXFileReference; lastKnownFileType = sourcecode.swift; path = LoginViewController.swift; sourceTree = "<group>"; };
		C2C58C2827F9F12C00B637C6 /* DoctorPageViewController.swift */ = {isa = PBXFileReference; lastKnownFileType = sourcecode.swift; path = DoctorPageViewController.swift; sourceTree = "<group>"; };
/* End PBXFileReference section */

/* Begin PBXFrameworksBuildPhase section */
		C2C58C0A27F9F08200B637C6 /* Frameworks */ = {
			isa = PBXFrameworksBuildPhase;
			buildActionMask = 2147483647;
			files = (
				1AFCF14E80D1976F1F5EC5F9 /* Pods_DoctorAppointmentBookingApp.framework in Frameworks */,
			);
			runOnlyForDeploymentPostprocessing = 0;
		};
/* End PBXFrameworksBuildPhase section */

/* Begin PBXGroup section */
		14D4DEBA103DA50EA8BAAC3B /* Pods */ = {
			isa = PBXGroup;
			children = (
				950B60C20D251BEA216B9B0B /* Pods-DoctorAppointmentBookingApp.debug.xcconfig */,
				0B85CBFA689930B4A66E9E9D /* Pods-DoctorAppointmentBookingApp.release.xcconfig */,
			);
			path = Pods;
			sourceTree = "<group>";
		};
		2B3CEEEB688A6D17D410D155 /* Frameworks */ = {
			isa = PBXGroup;
			children = (
				5188B86694E39644387694A8 /* Pods_DoctorAppointmentBookingApp.framework */,
			);
			name = Frameworks;
			sourceTree = "<group>";
		};
		C27D9CAD27FA08B300511C4B /* Model */ = {
			isa = PBXGroup;
			children = (
				C27D9CAE27FA08C400511C4B /* Doctor.swift */,
				C2BD6B622804219900DBC642 /* Appointment.swift */,
				C21AF512280839550001A8C0 /* Error.swift */,
				C296DE77280BFDB300019B14 /* Patient.swift */,
				C296DE9B281589F800019B14 /* MedicalCenter.swift */,
			);
			path = Model;
			sourceTree = "<group>";
		};
		C27D9CB027FA096800511C4B /* View Model */ = {
			isa = PBXGroup;
			children = (
				C27D9CB127FA097D00511C4B /* DoctorViewModel.swift */,
				C2BD6B64280424D100DBC642 /* AppointmentViewModel.swift */,
				C296DE79280BFFE200019B14 /* PatientViewModel.swift */,
				C296DE9D28158C2700019B14 /* MedicalCenterViewModel.swift */,
			);
			path = "View Model";
			sourceTree = "<group>";
		};
		C296DE7B280C0B9100019B14 /* Patient */ = {
			isa = PBXGroup;
			children = (
				C296DE7C280C1FA100019B14 /* PatientPageViewController.swift */,
				C296DE7E280C202700019B14 /* PatientProfileNavigationController.swift */,
				C296DE80280C205700019B14 /* PatientProfileViewController.swift */,
				C296DE84280C330200019B14 /* PatientAppointmentsNavigationController.swift */,
				C296DE82280C328400019B14 /* PatientAppointmentsViewController.swift */,
				C296DE8B281409F700019B14 /* PatientHomeNavigationController.swift */,
				C296DE89281409DB00019B14 /* PatientHomeViewController.swift */,
			);
			path = Patient;
			sourceTree = "<group>";
		};
		C296DE8D281411B200019B14 /* ViewCells */ = {
			isa = PBXGroup;
			children = (
				C296DE9328143F9D00019B14 /* CardView */,
				C296DE8E281411CD00019B14 /* DoctorHViewCell */,
				C296DEA42815B00200019B14 /* CategoriesViewCell */,
				C296DE9F28159E3200019B14 /* MedicalCenterHViewCell */,
			);
			path = ViewCells;
			sourceTree = "<group>";
		};
		C296DE8E281411CD00019B14 /* DoctorHViewCell */ = {
			isa = PBXGroup;
			children = (
				C296DE8F2814123B00019B14 /* DoctorHorizontalViewCell.swift */,
				C296DE902814123B00019B14 /* DoctorHorizontalViewCell.xib */,
			);
			path = DoctorHViewCell;
			sourceTree = "<group>";
		};
		C296DE9328143F9D00019B14 /* CardView */ = {
			isa = PBXGroup;
			children = (
				C296DE9428143FB700019B14 /* CardView.swift */,
			);
			path = CardView;
			sourceTree = "<group>";
		};
		C296DE9F28159E3200019B14 /* MedicalCenterHViewCell */ = {
			isa = PBXGroup;
			children = (
				C296DEA028159E7500019B14 /* MedicalCenterHorizontalViewCell.swift */,
				C296DEA128159E7500019B14 /* MedicalCenterHorizontalViewCell.xib */,
			);
			path = MedicalCenterHViewCell;
			sourceTree = "<group>";
		};
		C296DEA42815B00200019B14 /* CategoriesViewCell */ = {
			isa = PBXGroup;
			children = (
				C296DEA52815B04800019B14 /* CategoriesViewCell.swift */,
				C296DEA62815B04800019B14 /* CategoriesViewCell.xib */,
			);
			path = CategoriesViewCell;
			sourceTree = "<group>";
		};
		C2BD6B5B2802B78E00DBC642 /* Doctor */ = {
			isa = PBXGroup;
			children = (
				C2C58C2827F9F12C00B637C6 /* DoctorPageViewController.swift */,
				C2BD6B5E2802D07900DBC642 /* DoctorProfileNavigationController.swift */,
				C27D9CB327FA215A00511C4B /* DoctorProfileViewController.swift */,
				C2BD6B5C2802B7E100DBC642 /* DoctorAppointmentsNavigationController.swift */,
				C2BD6B592802B6CA00DBC642 /* DoctorAppointmentsViewController.swift */,
			);
			path = Doctor;
			sourceTree = "<group>";
		};
		C2C58C0427F9F08200B637C6 = {
			isa = PBXGroup;
			children = (
				C2C58C0F27F9F08200B637C6 /* DoctorAppointmentBookingApp */,
				C2C58C0E27F9F08200B637C6 /* Products */,
				14D4DEBA103DA50EA8BAAC3B /* Pods */,
				2B3CEEEB688A6D17D410D155 /* Frameworks */,
			);
			sourceTree = "<group>";
		};
		C2C58C0E27F9F08200B637C6 /* Products */ = {
			isa = PBXGroup;
			children = (
				C2C58C0D27F9F08200B637C6 /* DoctorAppointmentBookingApp.app */,
			);
			name = Products;
			sourceTree = "<group>";
		};
		C2C58C0F27F9F08200B637C6 /* DoctorAppointmentBookingApp */ = {
			isa = PBXGroup;
			children = (
				C296DE8D281411B200019B14 /* ViewCells */,
				C27D9CB027FA096800511C4B /* View Model */,
				C27D9CAD27FA08B300511C4B /* Model */,
				C2C58C2A27F9F13C00B637C6 /* View Controllers */,
				C2C58C1027F9F08200B637C6 /* AppDelegate.swift */,
				C2C58C1227F9F08200B637C6 /* SceneDelegate.swift */,
				C2C58C1427F9F08200B637C6 /* ViewController.swift */,
				C2C58C1627F9F08200B637C6 /* Main.storyboard */,
				C2C58C1927F9F08400B637C6 /* Assets.xcassets */,
				C2C58C1B27F9F08400B637C6 /* LaunchScreen.storyboard */,
				C27D9CAB27F9FE2E00511C4B /* GoogleService-Info.plist */,
				C2C58C1E27F9F08400B637C6 /* Info.plist */,
			);
			path = DoctorAppointmentBookingApp;
			sourceTree = "<group>";
		};
		C2C58C2A27F9F13C00B637C6 /* View Controllers */ = {
			isa = PBXGroup;
			children = (
				C2C58C2427F9F10900B637C6 /* SignUpViewController.swift */,
				C2C58C2627F9F11500B637C6 /* LoginViewController.swift */,
				C2BD6B5B2802B78E00DBC642 /* Doctor */,
				C296DE7B280C0B9100019B14 /* Patient */,
			);
			path = "View Controllers";
			sourceTree = "<group>";
		};
/* End PBXGroup section */

/* Begin PBXNativeTarget section */
		C2C58C0C27F9F08200B637C6 /* DoctorAppointmentBookingApp */ = {
			isa = PBXNativeTarget;
			buildConfigurationList = C2C58C2127F9F08400B637C6 /* Build configuration list for PBXNativeTarget "DoctorAppointmentBookingApp" */;
			buildPhases = (
				4821D4343BA1E8C5EE4406B3 /* [CP] Check Pods Manifest.lock */,
				C2C58C0927F9F08200B637C6 /* Sources */,
				C2C58C0A27F9F08200B637C6 /* Frameworks */,
				C2C58C0B27F9F08200B637C6 /* Resources */,
				2E156FB80F838FF362AE20C9 /* [CP] Embed Pods Frameworks */,
			);
			buildRules = (
			);
			dependencies = (
			);
			name = DoctorAppointmentBookingApp;
			productName = DoctorAppointmentBookingApp;
			productReference = C2C58C0D27F9F08200B637C6 /* DoctorAppointmentBookingApp.app */;
			productType = "com.apple.product-type.application";
		};
/* End PBXNativeTarget section */

/* Begin PBXProject section */
		C2C58C0527F9F08200B637C6 /* Project object */ = {
			isa = PBXProject;
			attributes = {
				BuildIndependentTargetsInParallel = 1;
				LastSwiftUpdateCheck = 1330;
				LastUpgradeCheck = 1330;
				TargetAttributes = {
					C2C58C0C27F9F08200B637C6 = {
						CreatedOnToolsVersion = 13.3;
					};
				};
			};
			buildConfigurationList = C2C58C0827F9F08200B637C6 /* Build configuration list for PBXProject "DoctorAppointmentBookingApp" */;
			compatibilityVersion = "Xcode 13.0";
			developmentRegion = en;
			hasScannedForEncodings = 0;
			knownRegions = (
				en,
				Base,
			);
			mainGroup = C2C58C0427F9F08200B637C6;
			productRefGroup = C2C58C0E27F9F08200B637C6 /* Products */;
			projectDirPath = "";
			projectRoot = "";
			targets = (
				C2C58C0C27F9F08200B637C6 /* DoctorAppointmentBookingApp */,
			);
		};
/* End PBXProject section */

/* Begin PBXResourcesBuildPhase section */
		C2C58C0B27F9F08200B637C6 /* Resources */ = {
			isa = PBXResourcesBuildPhase;
			buildActionMask = 2147483647;
			files = (
				C2C58C1D27F9F08400B637C6 /* LaunchScreen.storyboard in Resources */,
				C296DEA82815B04800019B14 /* CategoriesViewCell.xib in Resources */,
				C296DEA328159E7500019B14 /* MedicalCenterHorizontalViewCell.xib in Resources */,
				C27D9CAC27F9FE2E00511C4B /* GoogleService-Info.plist in Resources */,
				C296DE922814123B00019B14 /* DoctorHorizontalViewCell.xib in Resources */,
				C2C58C1A27F9F08400B637C6 /* Assets.xcassets in Resources */,
				C2C58C1827F9F08200B637C6 /* Main.storyboard in Resources */,
			);
			runOnlyForDeploymentPostprocessing = 0;
		};
/* End PBXResourcesBuildPhase section */

/* Begin PBXShellScriptBuildPhase section */
		2E156FB80F838FF362AE20C9 /* [CP] Embed Pods Frameworks */ = {
			isa = PBXShellScriptBuildPhase;
			buildActionMask = 2147483647;
			files = (
			);
			inputFileListPaths = (
				"${PODS_ROOT}/Target Support Files/Pods-DoctorAppointmentBookingApp/Pods-DoctorAppointmentBookingApp-frameworks-${CONFIGURATION}-input-files.xcfilelist",
			);
			name = "[CP] Embed Pods Frameworks";
			outputFileListPaths = (
				"${PODS_ROOT}/Target Support Files/Pods-DoctorAppointmentBookingApp/Pods-DoctorAppointmentBookingApp-frameworks-${CONFIGURATION}-output-files.xcfilelist",
			);
			runOnlyForDeploymentPostprocessing = 0;
			shellPath = /bin/sh;
			shellScript = "\"${PODS_ROOT}/Target Support Files/Pods-DoctorAppointmentBookingApp/Pods-DoctorAppointmentBookingApp-frameworks.sh\"\n";
			showEnvVarsInLog = 0;
		};
		4821D4343BA1E8C5EE4406B3 /* [CP] Check Pods Manifest.lock */ = {
			isa = PBXShellScriptBuildPhase;
			buildActionMask = 2147483647;
			files = (
			);
			inputFileListPaths = (
			);
			inputPaths = (
				"${PODS_PODFILE_DIR_PATH}/Podfile.lock",
				"${PODS_ROOT}/Manifest.lock",
			);
			name = "[CP] Check Pods Manifest.lock";
			outputFileListPaths = (
			);
			outputPaths = (
				"$(DERIVED_FILE_DIR)/Pods-DoctorAppointmentBookingApp-checkManifestLockResult.txt",
			);
			runOnlyForDeploymentPostprocessing = 0;
			shellPath = /bin/sh;
			shellScript = "diff \"${PODS_PODFILE_DIR_PATH}/Podfile.lock\" \"${PODS_ROOT}/Manifest.lock\" > /dev/null\nif [ $? != 0 ] ; then\n    # print error to STDERR\n    echo \"error: The sandbox is not in sync with the Podfile.lock. Run 'pod install' or update your CocoaPods installation.\" >&2\n    exit 1\nfi\n# This output is used by Xcode 'outputs' to avoid re-running this script phase.\necho \"SUCCESS\" > \"${SCRIPT_OUTPUT_FILE_0}\"\n";
			showEnvVarsInLog = 0;
		};
/* End PBXShellScriptBuildPhase section */

/* Begin PBXSourcesBuildPhase section */
		C2C58C0927F9F08200B637C6 /* Sources */ = {
			isa = PBXSourcesBuildPhase;
			buildActionMask = 2147483647;
			files = (
				C2BD6B65280424D100DBC642 /* AppointmentViewModel.swift in Sources */,
				C296DE9528143FB700019B14 /* CardView.swift in Sources */,
				C2BD6B632804219900DBC642 /* Appointment.swift in Sources */,
				C2C58C1527F9F08200B637C6 /* ViewController.swift in Sources */,
				C296DE83280C328400019B14 /* PatientAppointmentsViewController.swift in Sources */,
				C2BD6B5F2802D07900DBC642 /* DoctorProfileNavigationController.swift in Sources */,
				C296DE912814123B00019B14 /* DoctorHorizontalViewCell.swift in Sources */,
				C2BD6B5D2802B7E100DBC642 /* DoctorAppointmentsNavigationController.swift in Sources */,
				C2C58C1127F9F08200B637C6 /* AppDelegate.swift in Sources */,
				C296DE81280C205700019B14 /* PatientProfileViewController.swift in Sources */,
				C296DEA72815B04800019B14 /* CategoriesViewCell.swift in Sources */,
				C2C58C2527F9F10900B637C6 /* SignUpViewController.swift in Sources */,
				C2C58C2927F9F12C00B637C6 /* DoctorPageViewController.swift in Sources */,
				C296DE7F280C202700019B14 /* PatientProfileNavigationController.swift in Sources */,
				C296DE9E28158C2700019B14 /* MedicalCenterViewModel.swift in Sources */,
				C296DE7D280C1FA100019B14 /* PatientPageViewController.swift in Sources */,
				C2C58C2727F9F11500B637C6 /* LoginViewController.swift in Sources */,
				C296DE85280C330200019B14 /* PatientAppointmentsNavigationController.swift in Sources */,
				C2BD6B5A2802B6CA00DBC642 /* DoctorAppointmentsViewController.swift in Sources */,
				C296DE8A281409DB00019B14 /* PatientHomeViewController.swift in Sources */,
				C27D9CB427FA215A00511C4B /* DoctorProfileViewController.swift in Sources */,
				C2C58C1327F9F08200B637C6 /* SceneDelegate.swift in Sources */,
				C27D9CAF27FA08C400511C4B /* Doctor.swift in Sources */,
				C296DE78280BFDB300019B14 /* Patient.swift in Sources */,
				C296DEA228159E7500019B14 /* MedicalCenterHorizontalViewCell.swift in Sources */,
				C21AF513280839550001A8C0 /* Error.swift in Sources */,
				C296DE8C281409F700019B14 /* PatientHomeNavigationController.swift in Sources */,
				C296DE7A280BFFE200019B14 /* PatientViewModel.swift in Sources */,
				C27D9CB227FA097D00511C4B /* DoctorViewModel.swift in Sources */,
				C296DE9C281589F800019B14 /* MedicalCenter.swift in Sources */,
			);
			runOnlyForDeploymentPostprocessing = 0;
		};
/* End PBXSourcesBuildPhase section */

/* Begin PBXVariantGroup section */
		C2C58C1627F9F08200B637C6 /* Main.storyboard */ = {
			isa = PBXVariantGroup;
			children = (
				C2C58C1727F9F08200B637C6 /* Base */,
			);
			name = Main.storyboard;
			sourceTree = "<group>";
		};
		C2C58C1B27F9F08400B637C6 /* LaunchScreen.storyboard */ = {
			isa = PBXVariantGroup;
			children = (
				C2C58C1C27F9F08400B637C6 /* Base */,
			);
			name = LaunchScreen.storyboard;
			sourceTree = "<group>";
		};
/* End PBXVariantGroup section */

/* Begin XCBuildConfiguration section */
		C2C58C1F27F9F08400B637C6 /* Debug */ = {
			isa = XCBuildConfiguration;
			buildSettings = {
				ALWAYS_SEARCH_USER_PATHS = NO;
				CLANG_ANALYZER_NONNULL = YES;
				CLANG_ANALYZER_NUMBER_OBJECT_CONVERSION = YES_AGGRESSIVE;
				CLANG_CXX_LANGUAGE_STANDARD = "gnu++17";
				CLANG_ENABLE_MODULES = YES;
				CLANG_ENABLE_OBJC_ARC = YES;
				CLANG_ENABLE_OBJC_WEAK = YES;
				CLANG_WARN_BLOCK_CAPTURE_AUTORELEASING = YES;
				CLANG_WARN_BOOL_CONVERSION = YES;
				CLANG_WARN_COMMA = YES;
				CLANG_WARN_CONSTANT_CONVERSION = YES;
				CLANG_WARN_DEPRECATED_OBJC_IMPLEMENTATIONS = YES;
				CLANG_WARN_DIRECT_OBJC_ISA_USAGE = YES_ERROR;
				CLANG_WARN_DOCUMENTATION_COMMENTS = YES;
				CLANG_WARN_EMPTY_BODY = YES;
				CLANG_WARN_ENUM_CONVERSION = YES;
				CLANG_WARN_INFINITE_RECURSION = YES;
				CLANG_WARN_INT_CONVERSION = YES;
				CLANG_WARN_NON_LITERAL_NULL_CONVERSION = YES;
				CLANG_WARN_OBJC_IMPLICIT_RETAIN_SELF = YES;
				CLANG_WARN_OBJC_LITERAL_CONVERSION = YES;
				CLANG_WARN_OBJC_ROOT_CLASS = YES_ERROR;
				CLANG_WARN_QUOTED_INCLUDE_IN_FRAMEWORK_HEADER = YES;
				CLANG_WARN_RANGE_LOOP_ANALYSIS = YES;
				CLANG_WARN_STRICT_PROTOTYPES = YES;
				CLANG_WARN_SUSPICIOUS_MOVE = YES;
				CLANG_WARN_UNGUARDED_AVAILABILITY = YES_AGGRESSIVE;
				CLANG_WARN_UNREACHABLE_CODE = YES;
				CLANG_WARN__DUPLICATE_METHOD_MATCH = YES;
				COPY_PHASE_STRIP = NO;
				DEBUG_INFORMATION_FORMAT = dwarf;
				ENABLE_STRICT_OBJC_MSGSEND = YES;
				ENABLE_TESTABILITY = YES;
				GCC_C_LANGUAGE_STANDARD = gnu11;
				GCC_DYNAMIC_NO_PIC = NO;
				GCC_NO_COMMON_BLOCKS = YES;
				GCC_OPTIMIZATION_LEVEL = 0;
				GCC_PREPROCESSOR_DEFINITIONS = (
					"DEBUG=1",
					"$(inherited)",
				);
				GCC_WARN_64_TO_32_BIT_CONVERSION = YES;
				GCC_WARN_ABOUT_RETURN_TYPE = YES_ERROR;
				GCC_WARN_UNDECLARED_SELECTOR = YES;
				GCC_WARN_UNINITIALIZED_AUTOS = YES_AGGRESSIVE;
				GCC_WARN_UNUSED_FUNCTION = YES;
				GCC_WARN_UNUSED_VARIABLE = YES;
				IPHONEOS_DEPLOYMENT_TARGET = 15.4;
				MTL_ENABLE_DEBUG_INFO = INCLUDE_SOURCE;
				MTL_FAST_MATH = YES;
				ONLY_ACTIVE_ARCH = YES;
				SDKROOT = iphoneos;
				SWIFT_ACTIVE_COMPILATION_CONDITIONS = DEBUG;
				SWIFT_OPTIMIZATION_LEVEL = "-Onone";
			};
			name = Debug;
		};
		C2C58C2027F9F08400B637C6 /* Release */ = {
			isa = XCBuildConfiguration;
			buildSettings = {
				ALWAYS_SEARCH_USER_PATHS = NO;
				CLANG_ANALYZER_NONNULL = YES;
				CLANG_ANALYZER_NUMBER_OBJECT_CONVERSION = YES_AGGRESSIVE;
				CLANG_CXX_LANGUAGE_STANDARD = "gnu++17";
				CLANG_ENABLE_MODULES = YES;
				CLANG_ENABLE_OBJC_ARC = YES;
				CLANG_ENABLE_OBJC_WEAK = YES;
				CLANG_WARN_BLOCK_CAPTURE_AUTORELEASING = YES;
				CLANG_WARN_BOOL_CONVERSION = YES;
				CLANG_WARN_COMMA = YES;
				CLANG_WARN_CONSTANT_CONVERSION = YES;
				CLANG_WARN_DEPRECATED_OBJC_IMPLEMENTATIONS = YES;
				CLANG_WARN_DIRECT_OBJC_ISA_USAGE = YES_ERROR;
				CLANG_WARN_DOCUMENTATION_COMMENTS = YES;
				CLANG_WARN_EMPTY_BODY = YES;
				CLANG_WARN_ENUM_CONVERSION = YES;
				CLANG_WARN_INFINITE_RECURSION = YES;
				CLANG_WARN_INT_CONVERSION = YES;
				CLANG_WARN_NON_LITERAL_NULL_CONVERSION = YES;
				CLANG_WARN_OBJC_IMPLICIT_RETAIN_SELF = YES;
				CLANG_WARN_OBJC_LITERAL_CONVERSION = YES;
				CLANG_WARN_OBJC_ROOT_CLASS = YES_ERROR;
				CLANG_WARN_QUOTED_INCLUDE_IN_FRAMEWORK_HEADER = YES;
				CLANG_WARN_RANGE_LOOP_ANALYSIS = YES;
				CLANG_WARN_STRICT_PROTOTYPES = YES;
				CLANG_WARN_SUSPICIOUS_MOVE = YES;
				CLANG_WARN_UNGUARDED_AVAILABILITY = YES_AGGRESSIVE;
				CLANG_WARN_UNREACHABLE_CODE = YES;
				CLANG_WARN__DUPLICATE_METHOD_MATCH = YES;
				COPY_PHASE_STRIP = NO;
				DEBUG_INFORMATION_FORMAT = "dwarf-with-dsym";
				ENABLE_NS_ASSERTIONS = NO;
				ENABLE_STRICT_OBJC_MSGSEND = YES;
				GCC_C_LANGUAGE_STANDARD = gnu11;
				GCC_NO_COMMON_BLOCKS = YES;
				GCC_WARN_64_TO_32_BIT_CONVERSION = YES;
				GCC_WARN_ABOUT_RETURN_TYPE = YES_ERROR;
				GCC_WARN_UNDECLARED_SELECTOR = YES;
				GCC_WARN_UNINITIALIZED_AUTOS = YES_AGGRESSIVE;
				GCC_WARN_UNUSED_FUNCTION = YES;
				GCC_WARN_UNUSED_VARIABLE = YES;
				IPHONEOS_DEPLOYMENT_TARGET = 15.4;
				MTL_ENABLE_DEBUG_INFO = NO;
				MTL_FAST_MATH = YES;
				SDKROOT = iphoneos;
				SWIFT_COMPILATION_MODE = wholemodule;
				SWIFT_OPTIMIZATION_LEVEL = "-O";
				VALIDATE_PRODUCT = YES;
			};
			name = Release;
		};
		C2C58C2227F9F08400B637C6 /* Debug */ = {
			isa = XCBuildConfiguration;
			baseConfigurationReference = 950B60C20D251BEA216B9B0B /* Pods-DoctorAppointmentBookingApp.debug.xcconfig */;
			buildSettings = {
				ASSETCATALOG_COMPILER_APPICON_NAME = AppIcon;
				ASSETCATALOG_COMPILER_GLOBAL_ACCENT_COLOR_NAME = AccentColor;
				CODE_SIGN_STYLE = Automatic;
				CURRENT_PROJECT_VERSION = 1;
				DEVELOPMENT_TEAM = 6H94T4SL56;
				GENERATE_INFOPLIST_FILE = YES;
				INFOPLIST_FILE = DoctorAppointmentBookingApp/Info.plist;
				INFOPLIST_KEY_UIApplicationSupportsIndirectInputEvents = YES;
				INFOPLIST_KEY_UILaunchStoryboardName = LaunchScreen;
				INFOPLIST_KEY_UIMainStoryboardFile = Main;
				INFOPLIST_KEY_UISupportedInterfaceOrientations_iPad = "UIInterfaceOrientationPortrait UIInterfaceOrientationPortraitUpsideDown UIInterfaceOrientationLandscapeLeft UIInterfaceOrientationLandscapeRight";
				INFOPLIST_KEY_UISupportedInterfaceOrientations_iPhone = "UIInterfaceOrientationPortrait UIInterfaceOrientationLandscapeLeft UIInterfaceOrientationLandscapeRight";
				LD_RUNPATH_SEARCH_PATHS = (
					"$(inherited)",
					"@executable_path/Frameworks",
				);
				MARKETING_VERSION = 1.0;
				PRODUCT_BUNDLE_IDENTIFIER = com.example.DoctorAppointmentBookingApp.DoctorAppointmentBookingApp;
				PRODUCT_NAME = "$(TARGET_NAME)";
				SWIFT_EMIT_LOC_STRINGS = YES;
				SWIFT_VERSION = 5.0;
				TARGETED_DEVICE_FAMILY = "1,2";
			};
			name = Debug;
		};
		C2C58C2327F9F08400B637C6 /* Release */ = {
			isa = XCBuildConfiguration;
			baseConfigurationReference = 0B85CBFA689930B4A66E9E9D /* Pods-DoctorAppointmentBookingApp.release.xcconfig */;
			buildSettings = {
				ASSETCATALOG_COMPILER_APPICON_NAME = AppIcon;
				ASSETCATALOG_COMPILER_GLOBAL_ACCENT_COLOR_NAME = AccentColor;
				CODE_SIGN_STYLE = Automatic;
				CURRENT_PROJECT_VERSION = 1;
				DEVELOPMENT_TEAM = 6H94T4SL56;
				GENERATE_INFOPLIST_FILE = YES;
				INFOPLIST_FILE = DoctorAppointmentBookingApp/Info.plist;
				INFOPLIST_KEY_UIApplicationSupportsIndirectInputEvents = YES;
				INFOPLIST_KEY_UILaunchStoryboardName = LaunchScreen;
				INFOPLIST_KEY_UIMainStoryboardFile = Main;
				INFOPLIST_KEY_UISupportedInterfaceOrientations_iPad = "UIInterfaceOrientationPortrait UIInterfaceOrientationPortraitUpsideDown UIInterfaceOrientationLandscapeLeft UIInterfaceOrientationLandscapeRight";
				INFOPLIST_KEY_UISupportedInterfaceOrientations_iPhone = "UIInterfaceOrientationPortrait UIInterfaceOrientationLandscapeLeft UIInterfaceOrientationLandscapeRight";
				LD_RUNPATH_SEARCH_PATHS = (
					"$(inherited)",
					"@executable_path/Frameworks",
				);
				MARKETING_VERSION = 1.0;
				PRODUCT_BUNDLE_IDENTIFIER = com.example.DoctorAppointmentBookingApp.DoctorAppointmentBookingApp;
				PRODUCT_NAME = "$(TARGET_NAME)";
				SWIFT_EMIT_LOC_STRINGS = YES;
				SWIFT_VERSION = 5.0;
				TARGETED_DEVICE_FAMILY = "1,2";
			};
			name = Release;
		};
/* End XCBuildConfiguration section */

/* Begin XCConfigurationList section */
		C2C58C0827F9F08200B637C6 /* Build configuration list for PBXProject "DoctorAppointmentBookingApp" */ = {
			isa = XCConfigurationList;
			buildConfigurations = (
				C2C58C1F27F9F08400B637C6 /* Debug */,
				C2C58C2027F9F08400B637C6 /* Release */,
			);
			defaultConfigurationIsVisible = 0;
			defaultConfigurationName = Release;
		};
		C2C58C2127F9F08400B637C6 /* Build configuration list for PBXNativeTarget "DoctorAppointmentBookingApp" */ = {
			isa = XCConfigurationList;
			buildConfigurations = (
				C2C58C2227F9F08400B637C6 /* Debug */,
				C2C58C2327F9F08400B637C6 /* Release */,
			);
			defaultConfigurationIsVisible = 0;
			defaultConfigurationName = Release;
		};
/* End XCConfigurationList section */
	};
	rootObject = C2C58C0527F9F08200B637C6 /* Project object */;
}
